
Microsoft Visual Studio Solution File, Format Version 12.00
# Visual Studio 14
VisualStudioVersion = 14.0.25420.1
MinimumVisualStudioVersion = 10.0.40219.1
Project("{FAE04EC0-301F-11D3-BF4B-00C04F79EFBC}") = "Notes.Api", "Notes.Api\Notes.Api.csproj", "{B8D35BCB-268C-4D48-AC14-59649F920EA4}"
EndProject
Project("{FAE04EC0-301F-11D3-BF4B-00C04F79EFBC}") = "Notes.Api.Test", "Notes.Api.Test\Notes.Api.Test.csproj", "{4EF92F60-D754-43A8-8F90-D1B90D6643FB}"
EndProject
Project("{FAE04EC0-301F-11D3-BF4B-00C04F79EFBC}") = "Notes.Repository", "Notes.Repository\Notes.Repository.csproj", "{930FE4B0-358C-4168-BDAE-E057708B7CD4}"
EndProject
Project("{FAE04EC0-301F-11D3-BF4B-00C04F79EFBC}") = "Notes.Repository.Test", "Notes.Repository.Test\Notes.Repository.Test.csproj", "{4F4CB65C-E123-4E85-9321-EEE74F2DB161}"
EndProject
Project("{FAE04EC0-301F-11D3-BF4B-00C04F79EFBC}") = "Notes.Domain", "Notes.Domain\Notes.Domain.csproj", "{DA76BDFB-8D4D-4188-BAC8-F30657CC4D0E}"
EndProject
Project("{FAE04EC0-301F-11D3-BF4B-00C04F79EFBC}") = "Notes.Interfaces", "Notes.Interfaces\Notes.Interfaces.csproj", "{77F748BC-7A4F-49D7-A25F-D0FAAC5AC07B}"
EndProject
Global
	GlobalSection(SolutionConfigurationPlatforms) = preSolution
		Debug|Any CPU = Debug|Any CPU
		Release|Any CPU = Release|Any CPU
	EndGlobalSection
	GlobalSection(ProjectConfigurationPlatforms) = postSolution
		{B8D35BCB-268C-4D48-AC14-59649F920EA4}.Debug|Any CPU.ActiveCfg = Debug|Any CPU
		{B8D35BCB-268C-4D48-AC14-59649F920EA4}.Debug|Any CPU.Build.0 = Debug|Any CPU
		{B8D35BCB-268C-4D48-AC14-59649F920EA4}.Release|Any CPU.ActiveCfg = Release|Any CPU
		{B8D35BCB-268C-4D48-AC14-59649F920EA4}.Release|Any CPU.Build.0 = Release|Any CPU
		{4EF92F60-D754-43A8-8F90-D1B90D6643FB}.Debug|Any CPU.ActiveCfg = Debug|Any CPU
		{4EF92F60-D754-43A8-8F90-D1B90D6643FB}.Debug|Any CPU.Build.0 = Debug|Any CPU
		{4EF92F60-D754-43A8-8F90-D1B90D6643FB}.Release|Any CPU.ActiveCfg = Release|Any CPU
		{4EF92F60-D754-43A8-8F90-D1B90D6643FB}.Release|Any CPU.Build.0 = Release|Any CPU
		{930FE4B0-358C-4168-BDAE-E057708B7CD4}.Debug|Any CPU.ActiveCfg = Debug|Any CPU
		{930FE4B0-358C-4168-BDAE-E057708B7CD4}.Debug|Any CPU.Build.0 = Debug|Any CPU
		{930FE4B0-358C-4168-BDAE-E057708B7CD4}.Release|Any CPU.ActiveCfg = Release|Any CPU
		{930FE4B0-358C-4168-BDAE-E057708B7CD4}.Release|Any CPU.Build.0 = Release|Any CPU
		{4F4CB65C-E123-4E85-9321-EEE74F2DB161}.Debug|Any CPU.ActiveCfg = Debug|Any CPU
		{4F4CB65C-E123-4E85-9321-EEE74F2DB161}.Debug|Any CPU.Build.0 = Debug|Any CPU
		{4F4CB65C-E123-4E85-9321-EEE74F2DB161}.Release|Any CPU.ActiveCfg = Release|Any CPU
		{4F4CB65C-E123-4E85-9321-EEE74F2DB161}.Release|Any CPU.Build.0 = Release|Any CPU
		{DA76BDFB-8D4D-4188-BAC8-F30657CC4D0E}.Debug|Any CPU.ActiveCfg = Debug|Any CPU
		{DA76BDFB-8D4D-4188-BAC8-F30657CC4D0E}.Debug|Any CPU.Build.0 = Debug|Any CPU
		{DA76BDFB-8D4D-4188-BAC8-F30657CC4D0E}.Release|Any CPU.ActiveCfg = Release|Any CPU
		{DA76BDFB-8D4D-4188-BAC8-F30657CC4D0E}.Release|Any CPU.Build.0 = Release|Any CPU
		{77F748BC-7A4F-49D7-A25F-D0FAAC5AC07B}.Debug|Any CPU.ActiveCfg = Debug|Any CPU
		{77F748BC-7A4F-49D7-A25F-D0FAAC5AC07B}.Debug|Any CPU.Build.0 = Debug|Any CPU
		{77F748BC-7A4F-49D7-A25F-D0FAAC5AC07B}.Release|Any CPU.ActiveCfg = Release|Any CPU
		{77F748BC-7A4F-49D7-A25F-D0FAAC5AC07B}.Release|Any CPU.Build.0 = Release|Any CPU
	EndGlobalSection
	GlobalSection(SolutionProperties) = preSolution
		HideSolutionNode = FALSE
	EndGlobalSection
EndGlobal
